
Microsoft Visual Studio Solution File, Format Version 12.00
# Visual Studio Version 17
VisualStudioVersion = 17.4.33205.214
MinimumVisualStudioVersion = 10.0.40219.1
Project("{FAE04EC0-301F-11D3-BF4B-00C04F79EFBC}") = "Exercicio7", "Exercicio7\Exercicio7.csproj", "{46410F91-F85B-4842-86B1-D06535CF7737}"
EndProject
Global
	GlobalSection(SolutionConfigurationPlatforms) = preSolution
		Debug|Any CPU = Debug|Any CPU
		Release|Any CPU = Release|Any CPU
	EndGlobalSection
	GlobalSection(ProjectConfigurationPlatforms) = postSolution
		{46410F91-F85B-4842-86B1-D06535CF7737}.Debug|Any CPU.ActiveCfg = Debug|Any CPU
		{46410F91-F85B-4842-86B1-D06535CF7737}.Debug|Any CPU.Build.0 = Debug|Any CPU
		{46410F91-F85B-4842-86B1-D06535CF7737}.Release|Any CPU.ActiveCfg = Release|Any CPU
		{46410F91-F85B-4842-86B1-D06535CF7737}.Release|Any CPU.Build.0 = Release|Any CPU
	EndGlobalSection
	GlobalSection(SolutionProperties) = preSolution
		HideSolutionNode = FALSE
	EndGlobalSection
	GlobalSection(ExtensibilityGlobals) = postSolution
		SolutionGuid = {CABF974D-CA2B-4667-A6FD-091DC96BAFA4}
	EndGlobalSection
EndGlobal
